GEM
  remote: https://rubygems.org/
  specs:
    date (3.5.1)
    logger (1.7.0)
    mail (2.9.0)
      logger
      mini_mime (>= 0.1.1)
      net-imap
      net-pop
      net-smtp
    mini_mime (1.1.5)
    net-imap (0.5.13)
      date
      net-protocol
    net-pop (0.1.2)
      net-protocol
    net-protocol (0.2.2)
      timeout
    net-smtp (0.5.1)
      net-protocol
    timeout (0.6.0)

PLATFORMS
  arm64-darwin-24

DEPENDENCIES
  mail

BUNDLED WITH
   2.3.7
